
Microsoft Visual Studio Solution File, Format Version 12.00
# Visual Studio 14
VisualStudioVersion = 14.0.23107.0
MinimumVisualStudioVersion = 10.0.40219.1
Project("{FAE04EC0-301F-11D3-BF4B-00C04F79EFBC}") = "CapaDatosNavegador", "CapaDatos\CapaDatosNavegador.csproj", "{8A15A156-235F-46FE-96DE-7DE09BEA37CD}"
EndProject
Project("{FAE04EC0-301F-11D3-BF4B-00C04F79EFBC}") = "CapaLogicaNavegador", "CapaLogica\CapaLogicaNavegador.csproj", "{607C41F9-6654-43CF-B047-811E2878E2A3}"
EndProject
Project("{FAE04EC0-301F-11D3-BF4B-00C04F79EFBC}") = "CapaDisenoNavegador", "CapaDiseno\CapaDisenoNavegador.csproj", "{94EF2BB7-476C-4F93-AF7C-D37D7E0266BB}"
EndProject
Global
	GlobalSection(SolutionConfigurationPlatforms) = preSolution
		Debug|Any CPU = Debug|Any CPU
		Release|Any CPU = Release|Any CPU
	EndGlobalSection
	GlobalSection(ProjectConfigurationPlatforms) = postSolution
		{8A15A156-235F-46FE-96DE-7DE09BEA37CD}.Debug|Any CPU.ActiveCfg = Debug|Any CPU
		{8A15A156-235F-46FE-96DE-7DE09BEA37CD}.Debug|Any CPU.Build.0 = Debug|Any CPU
		{8A15A156-235F-46FE-96DE-7DE09BEA37CD}.Release|Any CPU.ActiveCfg = Release|Any CPU
		{8A15A156-235F-46FE-96DE-7DE09BEA37CD}.Release|Any CPU.Build.0 = Release|Any CPU
		{607C41F9-6654-43CF-B047-811E2878E2A3}.Debug|Any CPU.ActiveCfg = Debug|Any CPU
		{607C41F9-6654-43CF-B047-811E2878E2A3}.Debug|Any CPU.Build.0 = Debug|Any CPU
		{607C41F9-6654-43CF-B047-811E2878E2A3}.Release|Any CPU.ActiveCfg = Release|Any CPU
		{607C41F9-6654-43CF-B047-811E2878E2A3}.Release|Any CPU.Build.0 = Release|Any CPU
		{94EF2BB7-476C-4F93-AF7C-D37D7E0266BB}.Debug|Any CPU.ActiveCfg = Debug|Any CPU
		{94EF2BB7-476C-4F93-AF7C-D37D7E0266BB}.Debug|Any CPU.Build.0 = Debug|Any CPU
		{94EF2BB7-476C-4F93-AF7C-D37D7E0266BB}.Release|Any CPU.ActiveCfg = Release|Any CPU
		{94EF2BB7-476C-4F93-AF7C-D37D7E0266BB}.Release|Any CPU.Build.0 = Release|Any CPU
	EndGlobalSection
	GlobalSection(SolutionProperties) = preSolution
		HideSolutionNode = FALSE
	EndGlobalSection
	GlobalSection(ExtensibilityGlobals) = postSolution
		SolutionGuid = {373B5845-5550-4E46-893E-86830122A89F}
	EndGlobalSection
EndGlobal
