
Microsoft Visual Studio Solution File, Format Version 12.00
# Visual Studio Version 16
VisualStudioVersion = 16.0.29306.81
MinimumVisualStudioVersion = 10.0.40219.1
Project("{FAE04EC0-301F-11D3-BF4B-00C04F79EFBC}") = "modulaKarla", "modulaKarla\modulaKarla.csproj", "{B4C1E21E-181D-4C10-A338-FD895B448A8A}"
EndProject
Global
	GlobalSection(SolutionConfigurationPlatforms) = preSolution
		Debug|Any CPU = Debug|Any CPU
		Release|Any CPU = Release|Any CPU
	EndGlobalSection
	GlobalSection(ProjectConfigurationPlatforms) = postSolution
		{B4C1E21E-181D-4C10-A338-FD895B448A8A}.Debug|Any CPU.ActiveCfg = Debug|Any CPU
		{B4C1E21E-181D-4C10-A338-FD895B448A8A}.Debug|Any CPU.Build.0 = Debug|Any CPU
		{B4C1E21E-181D-4C10-A338-FD895B448A8A}.Release|Any CPU.ActiveCfg = Release|Any CPU
		{B4C1E21E-181D-4C10-A338-FD895B448A8A}.Release|Any CPU.Build.0 = Release|Any CPU
	EndGlobalSection
	GlobalSection(SolutionProperties) = preSolution
		HideSolutionNode = FALSE
	EndGlobalSection
	GlobalSection(ExtensibilityGlobals) = postSolution
		SolutionGuid = {ACD35DFE-F20C-48F4-9793-082450FD7F8E}
	EndGlobalSection
EndGlobal
